
Microsoft Visual Studio Solution File, Format Version 11.00
# Visual Studio 2010
Project("{1863889A-00DF-4350-BA39-669CA949CB81}") = "luna", "src\luna\luna.phpproj", "{78017666-E439-4488-B80A-CD8A4FBB16A6}"
EndProject
Project("{1863889A-00DF-4350-BA39-669CA949CB81}") = "luna-sample", "luna-sample\luna-sample.phpproj", "{8BF58A5C-3321-40FF-8D46-532B009286CC}"
EndProject
Global
	GlobalSection(SolutionConfigurationPlatforms) = preSolution
		Local|Mixed Platforms = Local|Mixed Platforms
		Local|PHP 4 = Local|PHP 4
		Local|PHP 5.2 = Local|PHP 5.2
		Local|PHP 5.3 = Local|PHP 5.3
		Production|Mixed Platforms = Production|Mixed Platforms
		Production|PHP 4 = Production|PHP 4
		Production|PHP 5.2 = Production|PHP 5.2
		Production|PHP 5.3 = Production|PHP 5.3
		Remote|Mixed Platforms = Remote|Mixed Platforms
		Remote|PHP 4 = Remote|PHP 4
		Remote|PHP 5.2 = Remote|PHP 5.2
		Remote|PHP 5.3 = Remote|PHP 5.3
		Staging|Mixed Platforms = Staging|Mixed Platforms
		Staging|PHP 4 = Staging|PHP 4
		Staging|PHP 5.2 = Staging|PHP 5.2
		Staging|PHP 5.3 = Staging|PHP 5.3
	EndGlobalSection
	GlobalSection(ProjectConfigurationPlatforms) = postSolution
		{78017666-E439-4488-B80A-CD8A4FBB16A6}.Local|Mixed Platforms.ActiveCfg = Local|PHP 4
		{78017666-E439-4488-B80A-CD8A4FBB16A6}.Local|PHP 4.ActiveCfg = Local|PHP 4
		{78017666-E439-4488-B80A-CD8A4FBB16A6}.Local|PHP 4.Deploy.0 = Local|PHP 4
		{78017666-E439-4488-B80A-CD8A4FBB16A6}.Local|PHP 5.2.ActiveCfg = Local|PHP 5.3
		{78017666-E439-4488-B80A-CD8A4FBB16A6}.Local|PHP 5.3.ActiveCfg = Local|PHP 5.3
		{78017666-E439-4488-B80A-CD8A4FBB16A6}.Local|PHP 5.3.Deploy.0 = Local|PHP 5.3
		{78017666-E439-4488-B80A-CD8A4FBB16A6}.Production|Mixed Platforms.ActiveCfg = Remote|PHP 4
		{78017666-E439-4488-B80A-CD8A4FBB16A6}.Production|PHP 4.ActiveCfg = Remote|PHP 4
		{78017666-E439-4488-B80A-CD8A4FBB16A6}.Production|PHP 5.2.ActiveCfg = Remote|PHP 4
		{78017666-E439-4488-B80A-CD8A4FBB16A6}.Production|PHP 5.3.ActiveCfg = Remote|PHP 4
		{78017666-E439-4488-B80A-CD8A4FBB16A6}.Remote|Mixed Platforms.ActiveCfg = Remote|PHP 4
		{78017666-E439-4488-B80A-CD8A4FBB16A6}.Remote|PHP 4.ActiveCfg = Remote|PHP 4
		{78017666-E439-4488-B80A-CD8A4FBB16A6}.Remote|PHP 4.Deploy.0 = Remote|PHP 4
		{78017666-E439-4488-B80A-CD8A4FBB16A6}.Remote|PHP 5.2.ActiveCfg = Remote|PHP 5.3
		{78017666-E439-4488-B80A-CD8A4FBB16A6}.Remote|PHP 5.3.ActiveCfg = Remote|PHP 5.3
		{78017666-E439-4488-B80A-CD8A4FBB16A6}.Remote|PHP 5.3.Deploy.0 = Remote|PHP 5.3
		{78017666-E439-4488-B80A-CD8A4FBB16A6}.Staging|Mixed Platforms.ActiveCfg = Remote|PHP 4
		{78017666-E439-4488-B80A-CD8A4FBB16A6}.Staging|PHP 4.ActiveCfg = Remote|PHP 4
		{78017666-E439-4488-B80A-CD8A4FBB16A6}.Staging|PHP 5.2.ActiveCfg = Remote|PHP 4
		{78017666-E439-4488-B80A-CD8A4FBB16A6}.Staging|PHP 5.3.ActiveCfg = Remote|PHP 4
		{8BF58A5C-3321-40FF-8D46-532B009286CC}.Local|Mixed Platforms.ActiveCfg = Local|PHP 5.2
		{8BF58A5C-3321-40FF-8D46-532B009286CC}.Local|Mixed Platforms.Deploy.0 = Local|PHP 5.2
		{8BF58A5C-3321-40FF-8D46-532B009286CC}.Local|PHP 4.ActiveCfg = Local|PHP 5.2
		{8BF58A5C-3321-40FF-8D46-532B009286CC}.Local|PHP 5.2.ActiveCfg = Local|PHP 5.2
		{8BF58A5C-3321-40FF-8D46-532B009286CC}.Local|PHP 5.2.Deploy.0 = Local|PHP 5.2
		{8BF58A5C-3321-40FF-8D46-532B009286CC}.Local|PHP 5.3.ActiveCfg = Local|PHP 5.2
		{8BF58A5C-3321-40FF-8D46-532B009286CC}.Production|Mixed Platforms.ActiveCfg = Production|PHP 5.2
		{8BF58A5C-3321-40FF-8D46-532B009286CC}.Production|Mixed Platforms.Deploy.0 = Production|PHP 5.2
		{8BF58A5C-3321-40FF-8D46-532B009286CC}.Production|PHP 4.ActiveCfg = Production|PHP 5.2
		{8BF58A5C-3321-40FF-8D46-532B009286CC}.Production|PHP 5.2.ActiveCfg = Production|PHP 5.2
		{8BF58A5C-3321-40FF-8D46-532B009286CC}.Production|PHP 5.2.Deploy.0 = Production|PHP 5.2
		{8BF58A5C-3321-40FF-8D46-532B009286CC}.Production|PHP 5.3.ActiveCfg = Production|PHP 5.2
		{8BF58A5C-3321-40FF-8D46-532B009286CC}.Remote|Mixed Platforms.ActiveCfg = Production|PHP 5.2
		{8BF58A5C-3321-40FF-8D46-532B009286CC}.Remote|Mixed Platforms.Deploy.0 = Production|PHP 5.2
		{8BF58A5C-3321-40FF-8D46-532B009286CC}.Remote|PHP 4.ActiveCfg = Production|PHP 5.2
		{8BF58A5C-3321-40FF-8D46-532B009286CC}.Remote|PHP 5.2.ActiveCfg = Production|PHP 5.2
		{8BF58A5C-3321-40FF-8D46-532B009286CC}.Remote|PHP 5.2.Deploy.0 = Production|PHP 5.2
		{8BF58A5C-3321-40FF-8D46-532B009286CC}.Remote|PHP 5.3.ActiveCfg = Production|PHP 5.2
		{8BF58A5C-3321-40FF-8D46-532B009286CC}.Staging|Mixed Platforms.ActiveCfg = Staging|PHP 5.2
		{8BF58A5C-3321-40FF-8D46-532B009286CC}.Staging|Mixed Platforms.Deploy.0 = Staging|PHP 5.2
		{8BF58A5C-3321-40FF-8D46-532B009286CC}.Staging|PHP 4.ActiveCfg = Staging|PHP 5.2
		{8BF58A5C-3321-40FF-8D46-532B009286CC}.Staging|PHP 5.2.ActiveCfg = Staging|PHP 5.2
		{8BF58A5C-3321-40FF-8D46-532B009286CC}.Staging|PHP 5.2.Deploy.0 = Staging|PHP 5.2
		{8BF58A5C-3321-40FF-8D46-532B009286CC}.Staging|PHP 5.3.ActiveCfg = Staging|PHP 5.2
	EndGlobalSection
	GlobalSection(SolutionProperties) = preSolution
		HideSolutionNode = FALSE
	EndGlobalSection
EndGlobal
